# THIS IS AN AUTOGENERATED FILE. DO NOT EDIT THIS FILE DIRECTLY.
# yarn lockfile v1


"@angular/platform-server@^5.0.1":
  version "5.0.1"
  resolved "https://registry.yarnpkg.com/@angular/platform-server/-/platform-server-5.0.1.tgz#005a64eb657e670d265fdfae9473f19a764f8737"
  dependencies:
    domino "^1.0.29"
    tslib "^1.7.1"
    xhr2 "^0.1.4"

domino@^1.0.29:
  version "1.0.30"
  resolved "https://registry.yarnpkg.com/domino/-/domino-1.0.30.tgz#54a4154ecae968616680f8feba3cedff355c71f4"

fastify-plugin@^0.1.1:
  version "0.1.1"
  resolved "https://registry.yarnpkg.com/fastify-plugin/-/fastify-plugin-0.1.1.tgz#13a94f495a90fd5a7ae4bcd827c54ea5986c794f"
  dependencies:
    semver "^5.3.0"

semver@^5.3.0:
  version "5.4.1"
  resolved "https://registry.yarnpkg.com/semver/-/semver-5.4.1.tgz#e059c09d8571f0540823733433505d3a2f00b18e"

tslib@^1.7.1:
  version "1.8.0"
  resolved "https://registry.yarnpkg.com/tslib/-/tslib-1.8.0.tgz#dc604ebad64bcbf696d613da6c954aa0e7ea1eb6"

xhr2@^0.1.4:
  version "0.1.4"
  resolved "https://registry.yarnpkg.com/xhr2/-/xhr2-0.1.4.tgz#7f87658847716db5026323812f818cadab387a5f"
