# THIS IS AN AUTOGENERATED FILE. DO NOT EDIT THIS FILE DIRECTLY.
# yarn lockfile v1


"@angular/platform-server@^6.0.4":
  version "6.0.4"
  resolved "https://registry.yarnpkg.com/@angular/platform-server/-/platform-server-6.0.4.tgz#38de69d98ca01a4e20d6eac7d19b85d9257f06aa"
  dependencies:
    domino "^2.0.1"
    tslib "^1.9.0"
    xhr2 "^0.1.4"

domino@^2.0.1:
  version "2.0.2"
  resolved "https://registry.yarnpkg.com/domino/-/domino-2.0.2.tgz#fa2da6ace8381cf64089079470ee33c53901010f"

fastify-plugin@^1.0.1:
  version "1.0.1"
  resolved "https://registry.yarnpkg.com/fastify-plugin/-/fastify-plugin-1.0.1.tgz#4bd94d6f27cddf59fd43e188d6eedb1168ffc35d"
  dependencies:
    semver "^5.5.0"

semver@^5.5.0:
  version "5.5.0"
  resolved "https://registry.yarnpkg.com/semver/-/semver-5.5.0.tgz#dc4bbc7a6ca9d916dee5d43516f0092b58f7b8ab"

tslib@^1.9.0:
  version "1.9.2"
  resolved "https://registry.yarnpkg.com/tslib/-/tslib-1.9.2.tgz#8be0cc9a1f6dc7727c38deb16c2ebd1a2892988e"

xhr2@^0.1.4:
  version "0.1.4"
  resolved "https://registry.yarnpkg.com/xhr2/-/xhr2-0.1.4.tgz#7f87658847716db5026323812f818cadab387a5f"
